
Microsoft Visual Studio Solution File, Format Version 12.00
# Visual Studio 15
VisualStudioVersion = 15.0.27428.2027
MinimumVisualStudioVersion = 10.0.40219.1
Project("{FAE04EC0-301F-11D3-BF4B-00C04F79EFBC}") = "Followifier", "Followifier.csproj", "{2716A395-BE10-43EC-BDF6-33A3C4D8F07B}"
EndProject
Global
	GlobalSection(SolutionConfigurationPlatforms) = preSolution
		Debug|Any CPU = Debug|Any CPU
		Release|Any CPU = Release|Any CPU
	EndGlobalSection
	GlobalSection(ProjectConfigurationPlatforms) = postSolution
		{2716A395-BE10-43EC-BDF6-33A3C4D8F07B}.Debug|Any CPU.ActiveCfg = Debug|Any CPU
		{2716A395-BE10-43EC-BDF6-33A3C4D8F07B}.Debug|Any CPU.Build.0 = Debug|Any CPU
		{2716A395-BE10-43EC-BDF6-33A3C4D8F07B}.Release|Any CPU.ActiveCfg = Release|Any CPU
		{2716A395-BE10-43EC-BDF6-33A3C4D8F07B}.Release|Any CPU.Build.0 = Release|Any CPU
	EndGlobalSection
	GlobalSection(SolutionProperties) = preSolution
		HideSolutionNode = FALSE
	EndGlobalSection
	GlobalSection(ExtensibilityGlobals) = postSolution
		SolutionGuid = {DC086570-D5D2-4A42-98ED-497E7D1BE4B0}
	EndGlobalSection
EndGlobal
