
Microsoft Visual Studio Solution File, Format Version 12.00
# Visual Studio 15
VisualStudioVersion = 15.0.27703.2026
MinimumVisualStudioVersion = 10.0.40219.1
Project("{FAE04EC0-301F-11D3-BF4B-00C04F79EFBC}") = "Database", "Database\Database.csproj", "{4CFFDB9D-E79F-4D23-9C08-0CE3ADBDC58B}"
EndProject
Global
	GlobalSection(SolutionConfigurationPlatforms) = preSolution
		Debug|Any CPU = Debug|Any CPU
		Release|Any CPU = Release|Any CPU
	EndGlobalSection
	GlobalSection(ProjectConfigurationPlatforms) = postSolution
		{4CFFDB9D-E79F-4D23-9C08-0CE3ADBDC58B}.Debug|Any CPU.ActiveCfg = Debug|Any CPU
		{4CFFDB9D-E79F-4D23-9C08-0CE3ADBDC58B}.Debug|Any CPU.Build.0 = Debug|Any CPU
		{4CFFDB9D-E79F-4D23-9C08-0CE3ADBDC58B}.Release|Any CPU.ActiveCfg = Release|Any CPU
		{4CFFDB9D-E79F-4D23-9C08-0CE3ADBDC58B}.Release|Any CPU.Build.0 = Release|Any CPU
	EndGlobalSection
	GlobalSection(SolutionProperties) = preSolution
		HideSolutionNode = FALSE
	EndGlobalSection
	GlobalSection(ExtensibilityGlobals) = postSolution
		SolutionGuid = {B17A0AE6-966B-4137-8BC3-73A4D9587502}
	EndGlobalSection
EndGlobal
